// !$*UTF8*$!
{
	archiveVersion = 1;
	classes = {
	};
	objectVersion = 50;
	objects = {

/* Begin PBXBuildFile section */
		6EE9D984218758F400ACBAEF /* AppDelegate.swift in Sources */ = {isa = PBXBuildFile; fileRef = 6EE9D983218758F400ACBAEF /* AppDelegate.swift */; };
		6EE9D986218758F400ACBAEF /* ViewController.swift in Sources */ = {isa = PBXBuildFile; fileRef = 6EE9D985218758F400ACBAEF /* ViewController.swift */; };
		6EE9D989218758F400ACBAEF /* Main.storyboard in Resources */ = {isa = PBXBuildFile; fileRef = 6EE9D987218758F400ACBAEF /* Main.storyboard */; };
		6EE9D98C218758F400ACBAEF /* SchoolTemperature.xcdatamodeld in Sources */ = {isa = PBXBuildFile; fileRef = 6EE9D98A218758F400ACBAEF /* SchoolTemperature.xcdatamodeld */; };
		6EE9D98E218758F600ACBAEF /* Assets.xcassets in Resources */ = {isa = PBXBuildFile; fileRef = 6EE9D98D218758F600ACBAEF /* Assets.xcassets */; };
		6EE9D991218758F600ACBAEF /* LaunchScreen.storyboard in Resources */ = {isa = PBXBuildFile; fileRef = 6EE9D98F218758F600ACBAEF /* LaunchScreen.storyboard */; };
		6EE9D99C218758F600ACBAEF /* SchoolTemperatureTests.swift in Sources */ = {isa = PBXBuildFile; fileRef = 6EE9D99B218758F600ACBAEF /* SchoolTemperatureTests.swift */; };
/* End PBXBuildFile section */

/* Begin PBXContainerItemProxy section */
		6EE9D998218758F600ACBAEF /* PBXContainerItemProxy */ = {
			isa = PBXContainerItemProxy;
			containerPortal = 6EE9D978218758F400ACBAEF /* Project object */;
			proxyType = 1;
			remoteGlobalIDString = 6EE9D97F218758F400ACBAEF;
			remoteInfo = SchoolTemperature;
		};
/* End PBXContainerItemProxy section */

/* Begin PBXFileReference section */
		6EE9D980218758F400ACBAEF /* SchoolTemperature.app */ = {isa = PBXFileReference; explicitFileType = wrapper.application; includeInIndex = 0; path = SchoolTemperature.app; sourceTree = BUILT_PRODUCTS_DIR; };
		6EE9D983218758F400ACBAEF /* AppDelegate.swift */ = {isa = PBXFileReference; lastKnownFileType = sourcecode.swift; path = AppDelegate.swift; sourceTree = "<group>"; };
		6EE9D985218758F400ACBAEF /* ViewController.swift */ = {isa = PBXFileReference; lastKnownFileType = sourcecode.swift; path = ViewController.swift; sourceTree = "<group>"; };
		6EE9D988218758F400ACBAEF /* Base */ = {isa = PBXFileReference; lastKnownFileType = file.storyboard; name = Base; path = Base.lproj/Main.storyboard; sourceTree = "<group>"; };
		6EE9D98B218758F400ACBAEF /* SchoolTemperature.xcdatamodel */ = {isa = PBXFileReference; lastKnownFileType = wrapper.xcdatamodel; path = SchoolTemperature.xcdatamodel; sourceTree = "<group>"; };
		6EE9D98D218758F600ACBAEF /* Assets.xcassets */ = {isa = PBXFileReference; lastKnownFileType = folder.assetcatalog; path = Assets.xcassets; sourceTree = "<group>"; };
		6EE9D990218758F600ACBAEF /* Base */ = {isa = PBXFileReference; lastKnownFileType = file.storyboard; name = Base; path = Base.lproj/LaunchScreen.storyboard; sourceTree = "<group>"; };
		6EE9D992218758F600ACBAEF /* Info.plist */ = {isa = PBXFileReference; lastKnownFileType = text.plist.xml; path = Info.plist; sourceTree = "<group>"; };
		6EE9D997218758F600ACBAEF /* SchoolTemperatureTests.xctest */ = {isa = PBXFileReference; explicitFileType = wrapper.cfbundle; includeInIndex = 0; path = SchoolTemperatureTests.xctest; sourceTree = BUILT_PRODUCTS_DIR; };
		6EE9D99B218758F600ACBAEF /* SchoolTemperatureTests.swift */ = {isa = PBXFileReference; lastKnownFileType = sourcecode.swift; path = SchoolTemperatureTests.swift; sourceTree = "<group>"; };
		6EE9D99D218758F600ACBAEF /* Info.plist */ = {isa = PBXFileReference; lastKnownFileType = text.plist.xml; path = Info.plist; sourceTree = "<group>"; };
/* End PBXFileReference section */

/* Begin PBXFrameworksBuildPhase section */
		6EE9D97D218758F400ACBAEF /* Frameworks */ = {
			isa = PBXFrameworksBuildPhase;
			buildActionMask = 2147483647;
			files = (
			);
			runOnlyForDeploymentPostprocessing = 0;
		};
		6EE9D994218758F600ACBAEF /* Frameworks */ = {
			isa = PBXFrameworksBuildPhase;
			buildActionMask = 2147483647;
			files = (
			);
			runOnlyForDeploymentPostprocessing = 0;
		};
/* End PBXFrameworksBuildPhase section */

/* Begin PBXGroup section */
		6EE9D977218758F400ACBAEF = {
			isa = PBXGroup;
			children = (
				6EE9D982218758F400ACBAEF /* SchoolTemperature */,
				6EE9D99A218758F600ACBAEF /* SchoolTemperatureTests */,
				6EE9D981218758F400ACBAEF /* Products */,
			);
			sourceTree = "<group>";
		};
		6EE9D981218758F400ACBAEF /* Products */ = {
			isa = PBXGroup;
			children = (
				6EE9D980218758F400ACBAEF /* SchoolTemperature.app */,
				6EE9D997218758F600ACBAEF /* SchoolTemperatureTests.xctest */,
			);
			name = Products;
			sourceTree = "<group>";
		};
		6EE9D982218758F400ACBAEF /* SchoolTemperature */ = {
			isa = PBXGroup;
			children = (
				6EE9D983218758F400ACBAEF /* AppDelegate.swift */,
				6EE9D985218758F400ACBAEF /* ViewController.swift */,
				6EE9D987218758F400ACBAEF /* Main.storyboard */,
				6EE9D98D218758F600ACBAEF /* Assets.xcassets */,
				6EE9D98F218758F600ACBAEF /* LaunchScreen.storyboard */,
				6EE9D992218758F600ACBAEF /* Info.plist */,
				6EE9D98A218758F400ACBAEF /* SchoolTemperature.xcdatamodeld */,
			);
			path = SchoolTemperature;
			sourceTree = "<group>";
		};
		6EE9D99A218758F600ACBAEF /* SchoolTemperatureTests */ = {
			isa = PBXGroup;
			children = (
				6EE9D99B218758F600ACBAEF /* SchoolTemperatureTests.swift */,
				6EE9D99D218758F600ACBAEF /* Info.plist */,
			);
			path = SchoolTemperatureTests;
			sourceTree = "<group>";
		};
/* End PBXGroup section */

/* Begin PBXNativeTarget section */
		6EE9D97F218758F400ACBAEF /* SchoolTemperature */ = {
			isa = PBXNativeTarget;
			buildConfigurationList = 6EE9D9A0218758F600ACBAEF /* Build configuration list for PBXNativeTarget "SchoolTemperature" */;
			buildPhases = (
				6EE9D97C218758F400ACBAEF /* Sources */,
				6EE9D97D218758F400ACBAEF /* Frameworks */,
				6EE9D97E218758F400ACBAEF /* Resources */,
			);
			buildRules = (
			);
			dependencies = (
			);
			name = SchoolTemperature;
			productName = SchoolTemperature;
			productReference = 6EE9D980218758F400ACBAEF /* SchoolTemperature.app */;
			productType = "com.apple.product-type.application";
		};
		6EE9D996218758F600ACBAEF /* SchoolTemperatureTests */ = {
			isa = PBXNativeTarget;
			buildConfigurationList = 6EE9D9A3218758F600ACBAEF /* Build configuration list for PBXNativeTarget "SchoolTemperatureTests" */;
			buildPhases = (
				6EE9D993218758F600ACBAEF /* Sources */,
				6EE9D994218758F600ACBAEF /* Frameworks */,
				6EE9D995218758F600ACBAEF /* Resources */,
			);
			buildRules = (
			);
			dependencies = (
				6EE9D999218758F600ACBAEF /* PBXTargetDependency */,
			);
			name = SchoolTemperatureTests;
			productName = SchoolTemperatureTests;
			productReference = 6EE9D997218758F600ACBAEF /* SchoolTemperatureTests.xctest */;
			productType = "com.apple.product-type.bundle.unit-test";
		};
/* End PBXNativeTarget section */

/* Begin PBXProject section */
		6EE9D978218758F400ACBAEF /* Project object */ = {
			isa = PBXProject;
			attributes = {
				LastSwiftUpdateCheck = 0940;
				LastUpgradeCheck = 0940;
				ORGANIZATIONNAME = StormCloud;
				TargetAttributes = {
					6EE9D97F218758F400ACBAEF = {
						CreatedOnToolsVersion = 9.4.1;
					};
					6EE9D996218758F600ACBAEF = {
						CreatedOnToolsVersion = 9.4.1;
						TestTargetID = 6EE9D97F218758F400ACBAEF;
					};
				};
			};
			buildConfigurationList = 6EE9D97B218758F400ACBAEF /* Build configuration list for PBXProject "SchoolTemperature" */;
			compatibilityVersion = "Xcode 9.3";
			developmentRegion = en;
			hasScannedForEncodings = 0;
			knownRegions = (
				en,
				Base,
			);
			mainGroup = 6EE9D977218758F400ACBAEF;
			productRefGroup = 6EE9D981218758F400ACBAEF /* Products */;
			projectDirPath = "";
			projectRoot = "";
			targets = (
				6EE9D97F218758F400ACBAEF /* SchoolTemperature */,
				6EE9D996218758F600ACBAEF /* SchoolTemperatureTests */,
			);
		};
/* End PBXProject section */

/* Begin PBXResourcesBuildPhase section */
		6EE9D97E218758F400ACBAEF /* Resources */ = {
			isa = PBXResourcesBuildPhase;
			buildActionMask = 2147483647;
			files = (
				6EE9D991218758F600ACBAEF /* LaunchScreen.storyboard in Resources */,
				6EE9D98E218758F600ACBAEF /* Assets.xcassets in Resources */,
				6EE9D989218758F400ACBAEF /* Main.storyboard in Resources */,
			);
			runOnlyForDeploymentPostprocessing = 0;
		};
		6EE9D995218758F600ACBAEF /* Resources */ = {
			isa = PBXResourcesBuildPhase;
			buildActionMask = 2147483647;
			files = (
			);
			runOnlyForDeploymentPostprocessing = 0;
		};
/* End PBXResourcesBuildPhase section */

/* Begin PBXSourcesBuildPhase section */
		6EE9D97C218758F400ACBAEF /* Sources */ = {
			isa = PBXSourcesBuildPhase;
			buildActionMask = 2147483647;
			files = (
				6EE9D986218758F400ACBAEF /* ViewController.swift in Sources */,
				6EE9D98C218758F400ACBAEF /* SchoolTemperature.xcdatamodeld in Sources */,
				6EE9D984218758F400ACBAEF /* AppDelegate.swift in Sources */,
			);
			runOnlyForDeploymentPostprocessing = 0;
		};
		6EE9D993218758F600ACBAEF /* Sources */ = {
			isa = PBXSourcesBuildPhase;
			buildActionMask = 2147483647;
			files = (
				6EE9D99C218758F600ACBAEF /* SchoolTemperatureTests.swift in Sources */,
			);
			runOnlyForDeploymentPostprocessing = 0;
		};
/* End PBXSourcesBuildPhase section */

/* Begin PBXTargetDependency section */
		6EE9D999218758F600ACBAEF /* PBXTargetDependency */ = {
			isa = PBXTargetDependency;
			target = 6EE9D97F218758F400ACBAEF /* SchoolTemperature */;
			targetProxy = 6EE9D998218758F600ACBAEF /* PBXContainerItemProxy */;
		};
/* End PBXTargetDependency section */

/* Begin PBXVariantGroup section */
		6EE9D987218758F400ACBAEF /* Main.storyboard */ = {
			isa = PBXVariantGroup;
			children = (
				6EE9D988218758F400ACBAEF /* Base */,
			);
			name = Main.storyboard;
			sourceTree = "<group>";
		};
		6EE9D98F218758F600ACBAEF /* LaunchScreen.storyboard */ = {
			isa = PBXVariantGroup;
			children = (
				6EE9D990218758F600ACBAEF /* Base */,
			);
			name = LaunchScreen.storyboard;
			sourceTree = "<group>";
		};
/* End PBXVariantGroup section */

/* Begin XCBuildConfiguration section */
		6EE9D99E218758F600ACBAEF /* Debug */ = {
			isa = XCBuildConfiguration;
			buildSettings = {
				ALWAYS_SEARCH_USER_PATHS = NO;
				CLANG_ANALYZER_NONNULL = YES;
				CLANG_ANALYZER_NUMBER_OBJECT_CONVERSION = YES_AGGRESSIVE;
				CLANG_CXX_LANGUAGE_STANDARD = "gnu++14";
				CLANG_CXX_LIBRARY = "libc++";
				CLANG_ENABLE_MODULES = YES;
				CLANG_ENABLE_OBJC_ARC = YES;
				CLANG_ENABLE_OBJC_WEAK = YES;
				CLANG_WARN_BLOCK_CAPTURE_AUTORELEASING = YES;
				CLANG_WARN_BOOL_CONVERSION = YES;
				CLANG_WARN_COMMA = YES;
				CLANG_WARN_CONSTANT_CONVERSION = YES;
				CLANG_WARN_DEPRECATED_OBJC_IMPLEMENTATIONS = YES;
				CLANG_WARN_DIRECT_OBJC_ISA_USAGE = YES_ERROR;
				CLANG_WARN_DOCUMENTATION_COMMENTS = YES;
				CLANG_WARN_EMPTY_BODY = YES;
				CLANG_WARN_ENUM_CONVERSION = YES;
				CLANG_WARN_INFINITE_RECURSION = YES;
				CLANG_WARN_INT_CONVERSION = YES;
				CLANG_WARN_NON_LITERAL_NULL_CONVERSION = YES;
				CLANG_WARN_OBJC_IMPLICIT_RETAIN_SELF = YES;
				CLANG_WARN_OBJC_LITERAL_CONVERSION = YES;
				CLANG_WARN_OBJC_ROOT_CLASS = YES_ERROR;
				CLANG_WARN_RANGE_LOOP_ANALYSIS = YES;
				CLANG_WARN_STRICT_PROTOTYPES = YES;
				CLANG_WARN_SUSPICIOUS_MOVE = YES;
				CLANG_WARN_UNGUARDED_AVAILABILITY = YES_AGGRESSIVE;
				CLANG_WARN_UNREACHABLE_CODE = YES;
				CLANG_WARN__DUPLICATE_METHOD_MATCH = YES;
				CODE_SIGN_IDENTITY = "iPhone Developer";
				COPY_PHASE_STRIP = NO;
				DEBUG_INFORMATION_FORMAT = dwarf;
				ENABLE_STRICT_OBJC_MSGSEND = YES;
				ENABLE_TESTABILITY = YES;
				GCC_C_LANGUAGE_STANDARD = gnu11;
				GCC_DYNAMIC_NO_PIC = NO;
				GCC_NO_COMMON_BLOCKS = YES;
				GCC_OPTIMIZATION_LEVEL = 0;
				GCC_PREPROCESSOR_DEFINITIONS = (
					"DEBUG=1",
					"$(inherited)",
				);
				GCC_WARN_64_TO_32_BIT_CONVERSION = YES;
				GCC_WARN_ABOUT_RETURN_TYPE = YES_ERROR;
				GCC_WARN_UNDECLARED_SELECTOR = YES;
				GCC_WARN_UNINITIALIZED_AUTOS = YES_AGGRESSIVE;
				GCC_WARN_UNUSED_FUNCTION = YES;
				GCC_WARN_UNUSED_VARIABLE = YES;
				IPHONEOS_DEPLOYMENT_TARGET = 11.4;
				MTL_ENABLE_DEBUG_INFO = YES;
				ONLY_ACTIVE_ARCH = YES;
				SDKROOT = iphoneos;
				SWIFT_ACTIVE_COMPILATION_CONDITIONS = DEBUG;
				SWIFT_OPTIMIZATION_LEVEL = "-Onone";
			};
			name = Debug;
		};
		6EE9D99F218758F600ACBAEF /* Release */ = {
			isa = XCBuildConfiguration;
			buildSettings = {
				ALWAYS_SEARCH_USER_PATHS = NO;
				CLANG_ANALYZER_NONNULL = YES;
				CLANG_ANALYZER_NUMBER_OBJECT_CONVERSION = YES_AGGRESSIVE;
				CLANG_CXX_LANGUAGE_STANDARD = "gnu++14";
				CLANG_CXX_LIBRARY = "libc++";
				CLANG_ENABLE_MODULES = YES;
				CLANG_ENABLE_OBJC_ARC = YES;
				CLANG_ENABLE_OBJC_WEAK = YES;
				CLANG_WARN_BLOCK_CAPTURE_AUTORELEASING = YES;
				CLANG_WARN_BOOL_CONVERSION = YES;
				CLANG_WARN_COMMA = YES;
				CLANG_WARN_CONSTANT_CONVERSION = YES;
				CLANG_WARN_DEPRECATED_OBJC_IMPLEMENTATIONS = YES;
				CLANG_WARN_DIRECT_OBJC_ISA_USAGE = YES_ERROR;
				CLANG_WARN_DOCUMENTATION_COMMENTS = YES;
				CLANG_WARN_EMPTY_BODY = YES;
				CLANG_WARN_ENUM_CONVERSION = YES;
				CLANG_WARN_INFINITE_RECURSION = YES;
				CLANG_WARN_INT_CONVERSION = YES;
				CLANG_WARN_NON_LITERAL_NULL_CONVERSION = YES;
				CLANG_WARN_OBJC_IMPLICIT_RETAIN_SELF = YES;
				CLANG_WARN_OBJC_LITERAL_CONVERSION = YES;
				CLANG_WARN_OBJC_ROOT_CLASS = YES_ERROR;
				CLANG_WARN_RANGE_LOOP_ANALYSIS = YES;
				CLANG_WARN_STRICT_PROTOTYPES = YES;
				CLANG_WARN_SUSPICIOUS_MOVE = YES;
				CLANG_WARN_UNGUARDED_AVAILABILITY = YES_AGGRESSIVE;
				CLANG_WARN_UNREACHABLE_CODE = YES;
				CLANG_WARN__DUPLICATE_METHOD_MATCH = YES;
				CODE_SIGN_IDENTITY = "iPhone Developer";
				COPY_PHASE_STRIP = NO;
				DEBUG_INFORMATION_FORMAT = "dwarf-with-dsym";
				ENABLE_NS_ASSERTIONS = NO;
				ENABLE_STRICT_OBJC_MSGSEND = YES;
				GCC_C_LANGUAGE_STANDARD = gnu11;
				GCC_NO_COMMON_BLOCKS = YES;
				GCC_WARN_64_TO_32_BIT_CONVERSION = YES;
				GCC_WARN_ABOUT_RETURN_TYPE = YES_ERROR;
				GCC_WARN_UNDECLARED_SELECTOR = YES;
				GCC_WARN_UNINITIALIZED_AUTOS = YES_AGGRESSIVE;
				GCC_WARN_UNUSED_FUNCTION = YES;
				GCC_WARN_UNUSED_VARIABLE = YES;
				IPHONEOS_DEPLOYMENT_TARGET = 11.4;
				MTL_ENABLE_DEBUG_INFO = NO;
				SDKROOT = iphoneos;
				SWIFT_COMPILATION_MODE = wholemodule;
				SWIFT_OPTIMIZATION_LEVEL = "-O";
				VALIDATE_PRODUCT = YES;
			};
			name = Release;
		};
		6EE9D9A1218758F600ACBAEF /* Debug */ = {
			isa = XCBuildConfiguration;
			buildSettings = {
				ASSETCATALOG_COMPILER_APPICON_NAME = AppIcon;
				CODE_SIGN_STYLE = Automatic;
				INFOPLIST_FILE = SchoolTemperature/Info.plist;
				LD_RUNPATH_SEARCH_PATHS = (
					"$(inherited)",
					"@executable_path/Frameworks",
				);
				PRODUCT_BUNDLE_IDENTIFIER = StormCloud.SchoolTemperature;
				PRODUCT_NAME = "$(TARGET_NAME)";
				SWIFT_VERSION = 4.0;
				TARGETED_DEVICE_FAMILY = "1,2";
			};
			name = Debug;
		};
		6EE9D9A2218758F600ACBAEF /* Release */ = {
			isa = XCBuildConfiguration;
			buildSettings = {
				ASSETCATALOG_COMPILER_APPICON_NAME = AppIcon;
				CODE_SIGN_STYLE = Automatic;
				INFOPLIST_FILE = SchoolTemperature/Info.plist;
				LD_RUNPATH_SEARCH_PATHS = (
					"$(inherited)",
					"@executable_path/Frameworks",
				);
				PRODUCT_BUNDLE_IDENTIFIER = StormCloud.SchoolTemperature;
				PRODUCT_NAME = "$(TARGET_NAME)";
				SWIFT_VERSION = 4.0;
				TARGETED_DEVICE_FAMILY = "1,2";
			};
			name = Release;
		};
		6EE9D9A4218758F600ACBAEF /* Debug */ = {
			isa = XCBuildConfiguration;
			buildSettings = {
				ALWAYS_EMBED_SWIFT_STANDARD_LIBRARIES = YES;
				BUNDLE_LOADER = "$(TEST_HOST)";
				CODE_SIGN_STYLE = Automatic;
				INFOPLIST_FILE = SchoolTemperatureTests/Info.plist;
				LD_RUNPATH_SEARCH_PATHS = (
					"$(inherited)",
					"@executable_path/Frameworks",
					"@loader_path/Frameworks",
				);
				PRODUCT_BUNDLE_IDENTIFIER = StormCloud.SchoolTemperatureTests;
				PRODUCT_NAME = "$(TARGET_NAME)";
				SWIFT_VERSION = 4.0;
				TARGETED_DEVICE_FAMILY = "1,2";
				TEST_HOST = "$(BUILT_PRODUCTS_DIR)/SchoolTemperature.app/SchoolTemperature";
			};
			name = Debug;
		};
		6EE9D9A5218758F600ACBAEF /* Release */ = {
			isa = XCBuildConfiguration;
			buildSettings = {
				ALWAYS_EMBED_SWIFT_STANDARD_LIBRARIES = YES;
				BUNDLE_LOADER = "$(TEST_HOST)";
				CODE_SIGN_STYLE = Automatic;
				INFOPLIST_FILE = SchoolTemperatureTests/Info.plist;
				LD_RUNPATH_SEARCH_PATHS = (
					"$(inherited)",
					"@executable_path/Frameworks",
					"@loader_path/Frameworks",
				);
				PRODUCT_BUNDLE_IDENTIFIER = StormCloud.SchoolTemperatureTests;
				PRODUCT_NAME = "$(TARGET_NAME)";
				SWIFT_VERSION = 4.0;
				TARGETED_DEVICE_FAMILY = "1,2";
				TEST_HOST = "$(BUILT_PRODUCTS_DIR)/SchoolTemperature.app/SchoolTemperature";
			};
			name = Release;
		};
/* End XCBuildConfiguration section */

/* Begin XCConfigurationList section */
		6EE9D97B218758F400ACBAEF /* Build configuration list for PBXProject "SchoolTemperature" */ = {
			isa = XCConfigurationList;
			buildConfigurations = (
				6EE9D99E218758F600ACBAEF /* Debug */,
				6EE9D99F218758F600ACBAEF /* Release */,
			);
			defaultConfigurationIsVisible = 0;
			defaultConfigurationName = Release;
		};
		6EE9D9A0218758F600ACBAEF /* Build configuration list for PBXNativeTarget "SchoolTemperature" */ = {
			isa = XCConfigurationList;
			buildConfigurations = (
				6EE9D9A1218758F600ACBAEF /* Debug */,
				6EE9D9A2218758F600ACBAEF /* Release */,
			);
			defaultConfigurationIsVisible = 0;
			defaultConfigurationName = Release;
		};
		6EE9D9A3218758F600ACBAEF /* Build configuration list for PBXNativeTarget "SchoolTemperatureTests" */ = {
			isa = XCConfigurationList;
			buildConfigurations = (
				6EE9D9A4218758F600ACBAEF /* Debug */,
				6EE9D9A5218758F600ACBAEF /* Release */,
			);
			defaultConfigurationIsVisible = 0;
			defaultConfigurationName = Release;
		};
/* End XCConfigurationList section */

/* Begin XCVersionGroup section */
		6EE9D98A218758F400ACBAEF /* SchoolTemperature.xcdatamodeld */ = {
			isa = XCVersionGroup;
			children = (
				6EE9D98B218758F400ACBAEF /* SchoolTemperature.xcdatamodel */,
			);
			currentVersion = 6EE9D98B218758F400ACBAEF /* SchoolTemperature.xcdatamodel */;
			path = SchoolTemperature.xcdatamodeld;
			sourceTree = "<group>";
			versionGroupType = wrapper.xcdatamodel;
		};
/* End XCVersionGroup section */
	};
	rootObject = 6EE9D978218758F400ACBAEF /* Project object */;
}
